
Microsoft Visual Studio Solution File, Format Version 12.00
# Visual Studio 15
VisualStudioVersion = 15.0.28010.2036
MinimumVisualStudioVersion = 10.0.40219.1
Project("{9A19103F-16F7-4668-BE54-9A1E7A4F7556}") = "CSharp-Inline-Assembly", "CSharp-Inline-Assembly.csproj", "{4C70ECA3-E7F9-4A27-8D49-00D01DA5B847}"
EndProject
Global
	GlobalSection(SolutionConfigurationPlatforms) = preSolution
		Debug|Any CPU = Debug|Any CPU
		Debug|x86 = Debug|x86
		Release|Any CPU = Release|Any CPU
		Release|x86 = Release|x86
	EndGlobalSection
	GlobalSection(ProjectConfigurationPlatforms) = postSolution
		{4C70ECA3-E7F9-4A27-8D49-00D01DA5B847}.Debug|Any CPU.ActiveCfg = Debug|Any CPU
		{4C70ECA3-E7F9-4A27-8D49-00D01DA5B847}.Debug|Any CPU.Build.0 = Debug|Any CPU
		{4C70ECA3-E7F9-4A27-8D49-00D01DA5B847}.Debug|x86.ActiveCfg = Debug|Any CPU
		{4C70ECA3-E7F9-4A27-8D49-00D01DA5B847}.Debug|x86.Build.0 = Debug|Any CPU
		{4C70ECA3-E7F9-4A27-8D49-00D01DA5B847}.Release|Any CPU.ActiveCfg = Release|Any CPU
		{4C70ECA3-E7F9-4A27-8D49-00D01DA5B847}.Release|Any CPU.Build.0 = Release|Any CPU
		{4C70ECA3-E7F9-4A27-8D49-00D01DA5B847}.Release|x86.ActiveCfg = Release|Any CPU
		{4C70ECA3-E7F9-4A27-8D49-00D01DA5B847}.Release|x86.Build.0 = Release|Any CPU
	EndGlobalSection
	GlobalSection(SolutionProperties) = preSolution
		HideSolutionNode = FALSE
	EndGlobalSection
	GlobalSection(ExtensibilityGlobals) = postSolution
		SolutionGuid = {9E1B4EE0-8CFA-4D86-80C5-F0CBC46AAD01}
	EndGlobalSection
EndGlobal
